{
  "requires": true,
  "lockfileVersion": 1,
  "dependencies": {
    "@angular/core": {
      "version": "7.2.0",
      "resolved": "https://registry.npmjs.org/@angular/core/-/core-7.2.0.tgz",
      "integrity": "sha512-tlCDDM9IknXvVLk1sg0lzCO4OREM54i1bFtTpl5kPtugK6l4kYCOH78UzDPHnOzzI3LGLj8Hb2NiObVa9c4fdg==",
      "requires": {
        "tslib": "^1.9.0"
      }
    },
    "tslib": {
      "version": "1.9.3",
      "resolved": "https://registry.npmjs.org/tslib/-/tslib-1.9.3.tgz",
      "integrity": "sha512-4krF8scpejhaOgqzBEcGM7yDIEfi0/8+8zDRZhNZZ2kjmHJ4hv3zCbQWxoJGz1iw5U0Jl0nma13xzHXcncMavQ=="
    }
  }
}
